
Microsoft Visual Studio Solution File, Format Version 12.00
# Visual Studio Version 17
VisualStudioVersion = 17.5.33424.131
MinimumVisualStudioVersion = 10.0.40219.1
Project("{FAE04EC0-301F-11D3-BF4B-00C04F79EFBC}") = "ultimateqa-automation", "ultimateqa-automation\ultimateqa-automation.csproj", "{4050C824-6155-4462-BF18-2EC33BDADBDD}"
EndProject
Global
	GlobalSection(SolutionConfigurationPlatforms) = preSolution
		Debug|Any CPU = Debug|Any CPU
		Release|Any CPU = Release|Any CPU
	EndGlobalSection
	GlobalSection(ProjectConfigurationPlatforms) = postSolution
		{4050C824-6155-4462-BF18-2EC33BDADBDD}.Debug|Any CPU.ActiveCfg = Debug|Any CPU
		{4050C824-6155-4462-BF18-2EC33BDADBDD}.Debug|Any CPU.Build.0 = Debug|Any CPU
		{4050C824-6155-4462-BF18-2EC33BDADBDD}.Release|Any CPU.ActiveCfg = Release|Any CPU
		{4050C824-6155-4462-BF18-2EC33BDADBDD}.Release|Any CPU.Build.0 = Release|Any CPU
	EndGlobalSection
	GlobalSection(SolutionProperties) = preSolution
		HideSolutionNode = FALSE
	EndGlobalSection
	GlobalSection(ExtensibilityGlobals) = postSolution
		SolutionGuid = {CF8DDE16-8B2D-4B59-A54C-40C8A9044596}
	EndGlobalSection
EndGlobal
